
Microsoft Visual Studio Solution File, Format Version 12.00
# Visual Studio Version 16
VisualStudioVersion = 16.0.31624.102
MinimumVisualStudioVersion = 10.0.40219.1
Project("{FAE04EC0-301F-11D3-BF4B-00C04F79EFBC}") = "Lesson4_task", "Lesson4_task\Lesson4_task.csproj", "{B45C3D08-2E41-43F9-AA5F-E58FF0D27560}"
EndProject
Global
	GlobalSection(SolutionConfigurationPlatforms) = preSolution
		Debug|Any CPU = Debug|Any CPU
		Release|Any CPU = Release|Any CPU
	EndGlobalSection
	GlobalSection(ProjectConfigurationPlatforms) = postSolution
		{B45C3D08-2E41-43F9-AA5F-E58FF0D27560}.Debug|Any CPU.ActiveCfg = Debug|Any CPU
		{B45C3D08-2E41-43F9-AA5F-E58FF0D27560}.Debug|Any CPU.Build.0 = Debug|Any CPU
		{B45C3D08-2E41-43F9-AA5F-E58FF0D27560}.Release|Any CPU.ActiveCfg = Release|Any CPU
		{B45C3D08-2E41-43F9-AA5F-E58FF0D27560}.Release|Any CPU.Build.0 = Release|Any CPU
	EndGlobalSection
	GlobalSection(SolutionProperties) = preSolution
		HideSolutionNode = FALSE
	EndGlobalSection
	GlobalSection(ExtensibilityGlobals) = postSolution
		SolutionGuid = {B083411A-E9FB-4547-953D-C8CC61969C19}
	EndGlobalSection
EndGlobal
